
Microsoft Visual Studio Solution File, Format Version 12.00
# Visual Studio Version 17
VisualStudioVersion = 17.11.35312.102
MinimumVisualStudioVersion = 10.0.40219.1
Project("{FAE04EC0-301F-11D3-BF4B-00C04F79EFBC}") = "EmailAPI", "EmailAPI\EmailAPI.csproj", "{353402E6-FF85-4BAD-9A06-D38031D53DCF}"
EndProject
Global
	GlobalSection(SolutionConfigurationPlatforms) = preSolution
		Debug|Any CPU = Debug|Any CPU
		Release|Any CPU = Release|Any CPU
	EndGlobalSection
	GlobalSection(ProjectConfigurationPlatforms) = postSolution
		{353402E6-FF85-4BAD-9A06-D38031D53DCF}.Debug|Any CPU.ActiveCfg = Debug|Any CPU
		{353402E6-FF85-4BAD-9A06-D38031D53DCF}.Debug|Any CPU.Build.0 = Debug|Any CPU
		{353402E6-FF85-4BAD-9A06-D38031D53DCF}.Release|Any CPU.ActiveCfg = Release|Any CPU
		{353402E6-FF85-4BAD-9A06-D38031D53DCF}.Release|Any CPU.Build.0 = Release|Any CPU
	EndGlobalSection
	GlobalSection(SolutionProperties) = preSolution
		HideSolutionNode = FALSE
	EndGlobalSection
	GlobalSection(ExtensibilityGlobals) = postSolution
		SolutionGuid = {4EC42A31-6358-47B5-831B-1A4C74DA57A7}
	EndGlobalSection
EndGlobal
